
Microsoft Visual Studio Solution File, Format Version 12.00
# Visual Studio Version 17
VisualStudioVersion = 17.8.34309.116
MinimumVisualStudioVersion = 10.0.40219.1
Project("{F2A71F9B-5D33-465A-A702-920D77279786}") = "WebAppEfoDemo", "WebAppEfoDemo.fsproj", "{483F50B4-4E2E-4F38-9630-9EB140A4E9AB}"
EndProject
Global
	GlobalSection(SolutionConfigurationPlatforms) = preSolution
		Debug|Any CPU = Debug|Any CPU
		Release|Any CPU = Release|Any CPU
	EndGlobalSection
	GlobalSection(ProjectConfigurationPlatforms) = postSolution
		{483F50B4-4E2E-4F38-9630-9EB140A4E9AB}.Debug|Any CPU.ActiveCfg = Debug|Any CPU
		{483F50B4-4E2E-4F38-9630-9EB140A4E9AB}.Debug|Any CPU.Build.0 = Debug|Any CPU
		{483F50B4-4E2E-4F38-9630-9EB140A4E9AB}.Release|Any CPU.ActiveCfg = Release|Any CPU
		{483F50B4-4E2E-4F38-9630-9EB140A4E9AB}.Release|Any CPU.Build.0 = Release|Any CPU
	EndGlobalSection
	GlobalSection(SolutionProperties) = preSolution
		HideSolutionNode = FALSE
	EndGlobalSection
	GlobalSection(ExtensibilityGlobals) = postSolution
		SolutionGuid = {3548717F-2E6C-40D8-A7EE-7F50CCCB193B}
	EndGlobalSection
EndGlobal
